{
  "version": 4,
  "terraform_version": "1.11.4",
  "serial": 20,
  "lineage": "4d5d7845-26ba-913e-cfaf-14dc49ab738d",
  "outputs": {
    "container_registry_login_server": {
      "value": "scenarioregistry63731.azurecr.io",
      "type": "string"
    },
    "web_app_url_java": {
      "value": "https://mon-app-java-63731.azurewebsites.net/proxy",
      "type": "string"
    },
    "web_app_url_python": {
      "value": "https://mon-app-python-63731.azurewebsites.net/api/message",
      "type": "string"
    }
  },
  "resources": [
    {
      "mode": "managed",
      "type": "azurerm_container_registry",
      "name": "acr",
      "provider": "provider[\"registry.terraform.io/hashicorp/azurerm\"]",
      "instances": [
        {
          "schema_version": 2,
          "attributes": {
            "admin_enabled": true,
            "admin_password": "W0j9xallaH1HbH/O57AGgp9E6PsfVNO+dA3EefhFJh+ACRAQB7Qd",
            "admin_username": "scenarioregistry63731",
            "anonymous_pull_enabled": false,
            "data_endpoint_enabled": false,
            "encryption": [],
            "export_policy_enabled": true,
            "georeplications": [],
            "id": "/subscriptions/c89b9524-5918-4457-b046-b6ad9541bc2f/resourceGroups/rg-microservices-app/providers/Microsoft.ContainerRegistry/registries/scenarioregistry63731",
            "identity": [],
            "location": "westeurope",
            "login_server": "scenarioregistry63731.azurecr.io",
            "name": "scenarioregistry63731",
            "network_rule_bypass_option": "AzureServices",
            "network_rule_set": [],
            "public_network_access_enabled": true,
            "quarantine_policy_enabled": false,
            "resource_group_name": "rg-microservices-app",
            "retention_policy_in_days": 0,
            "sku": "Basic",
            "tags": {},
            "timeouts": null,
            "trust_policy_enabled": false,
            "zone_redundancy_enabled": false
          },
          "sensitive_attributes": [
            [
              {
                "type": "get_attr",
                "value": "admin_password"
              }
            ]
          ],
          "private": "eyJlMmJmYjczMC1lY2FhLTExZTYtOGY4OC0zNDM2M2JjN2M0YzAiOnsiY3JlYXRlIjoxODAwMDAwMDAwMDAwLCJkZWxldGUiOjE4MDAwMDAwMDAwMDAsInJlYWQiOjMwMDAwMDAwMDAwMCwidXBkYXRlIjoxODAwMDAwMDAwMDAwfSwic2NoZW1hX3ZlcnNpb24iOiIyIn0=",
          "dependencies": [
            "azurerm_resource_group.rg"
          ]
        }
      ]
    },
    {
      "mode": "managed",
      "type": "azurerm_linux_web_app",
      "name": "app-java",
      "provider": "provider[\"registry.terraform.io/hashicorp/azurerm\"]",
      "instances": [
        {
          "schema_version": 1,
          "attributes": {
            "app_settings": {
              "FLASK_URL": "https://mon-app-python-63731.azurewebsites.net/",
              "WEBSITES_PORT": "8080"
            },
            "auth_settings": [],
            "auth_settings_v2": [],
            "backup": [],
            "client_affinity_enabled": false,
            "client_certificate_enabled": false,
            "client_certificate_exclusion_paths": "",
            "client_certificate_mode": "Required",
            "connection_string": [],
            "custom_domain_verification_id": "EE6BFB447F04D8420875F811CE069870D9C0E044F6604359D055AEC4D2ECCA41",
            "default_hostname": "mon-app-java-63731.azurewebsites.net",
            "enabled": true,
            "ftp_publish_basic_authentication_enabled": true,
            "hosting_environment_id": "",
            "https_only": false,
            "id": "/subscriptions/c89b9524-5918-4457-b046-b6ad9541bc2f/resourceGroups/rg-microservices-app/providers/Microsoft.Web/sites/mon-app-java-63731",
            "identity": [
              {
                "identity_ids": [
                  "/subscriptions/c89b9524-5918-4457-b046-b6ad9541bc2f/resourceGroups/rg-microservices-app/providers/Microsoft.ManagedIdentity/userAssignedIdentities/container-app-identity"
                ],
                "principal_id": "",
                "tenant_id": "",
                "type": "UserAssigned"
              }
            ],
            "key_vault_reference_identity_id": "SystemAssigned",
            "kind": "app,linux,container",
            "location": "westeurope",
            "logs": [],
            "name": "mon-app-java-63731",
            "outbound_ip_address_list": [
              "51.136.122.147",
              "51.136.122.231",
              "51.136.124.112",
              "51.136.125.253",
              "51.136.126.50",
              "51.136.127.36",
              "20.50.2.18"
            ],
            "outbound_ip_addresses": "51.136.122.147,51.136.122.231,51.136.124.112,51.136.125.253,51.136.126.50,51.136.127.36,20.50.2.18",
            "possible_outbound_ip_address_list": [
              "51.136.122.147",
              "51.136.122.231",
              "51.136.124.112",
              "51.136.125.253",
              "51.136.126.50",
              "51.136.127.36",
              "51.138.64.87",
              "51.138.64.104",
              "51.138.64.130",
              "51.138.65.14",
              "51.138.65.56",
              "51.138.65.172",
              "51.138.65.183",
              "51.138.65.188",
              "51.138.65.198",
              "51.138.65.212",
              "51.138.66.55",
              "51.138.66.89",
              "20.82.33.26",
              "20.82.34.221",
              "20.82.34.241",
              "20.82.37.94",
              "20.82.33.11",
              "20.82.33.6",
              "20.50.2.18"
            ],
            "possible_outbound_ip_addresses": "51.136.122.147,51.136.122.231,51.136.124.112,51.136.125.253,51.136.126.50,51.136.127.36,51.138.64.87,51.138.64.104,51.138.64.130,51.138.65.14,51.138.65.56,51.138.65.172,51.138.65.183,51.138.65.188,51.138.65.198,51.138.65.212,51.138.66.55,51.138.66.89,20.82.33.26,20.82.34.221,20.82.34.241,20.82.37.94,20.82.33.11,20.82.33.6,20.50.2.18",
            "public_network_access_enabled": true,
            "resource_group_name": "rg-microservices-app",
            "service_plan_id": "/subscriptions/c89b9524-5918-4457-b046-b6ad9541bc2f/resourceGroups/rg-microservices-app/providers/Microsoft.Web/serverFarms/appserviceplan",
            "site_config": [
              {
                "always_on": true,
                "api_definition_url": "",
                "api_management_api_id": "",
                "app_command_line": "",
                "application_stack": [
                  {
                    "docker_image_name": "63731-service-java:latest",
                    "docker_registry_password": "",
                    "docker_registry_url": "https://scenarioregistry63731.azurecr.io",
                    "docker_registry_username": "",
                    "dotnet_version": "",
                    "go_version": "",
                    "java_server": "",
                    "java_server_version": "",
                    "java_version": "",
                    "node_version": "",
                    "php_version": "",
                    "python_version": "",
                    "ruby_version": ""
                  }
                ],
                "auto_heal_setting": [],
                "container_registry_managed_identity_client_id": "2c9e49bc-3c45-46c4-964a-0edf84f24051",
                "container_registry_use_managed_identity": true,
                "cors": [],
                "default_documents": [
                  "Default.htm",
                  "Default.html",
                  "Default.asp",
                  "index.htm",
                  "index.html",
                  "iisstart.htm",
                  "default.aspx",
                  "index.php",
                  "hostingstart.html"
                ],
                "detailed_error_logging_enabled": false,
                "ftps_state": "Disabled",
                "health_check_eviction_time_in_min": 0,
                "health_check_path": "",
                "http2_enabled": false,
                "ip_restriction": [],
                "ip_restriction_default_action": "Allow",
                "linux_fx_version": "DOCKER|scenarioregistry63731.azurecr.io/63731-service-java:latest",
                "load_balancing_mode": "LeastRequests",
                "local_mysql_enabled": false,
                "managed_pipeline_mode": "Integrated",
                "minimum_tls_version": "1.2",
                "remote_debugging_enabled": false,
                "remote_debugging_version": "VS2022",
                "scm_ip_restriction": [],
                "scm_ip_restriction_default_action": "Allow",
                "scm_minimum_tls_version": "1.2",
                "scm_type": "None",
                "scm_use_main_ip_restriction": false,
                "use_32_bit_worker": true,
                "vnet_route_all_enabled": false,
                "websockets_enabled": false,
                "worker_count": 1
              }
            ],
            "site_credential": [
              {
                "name": "$mon-app-java-63731",
                "password": "EcfR5zikZbhuBkdisJ8jf8oXmnxg0Dc4tznD1YdpNmdMH4tkkeLJRJ7SgoHu"
              }
            ],
            "sticky_settings": [],
            "storage_account": [],
            "tags": {},
            "timeouts": null,
            "virtual_network_backup_restore_enabled": false,
            "virtual_network_subnet_id": "",
            "webdeploy_publish_basic_authentication_enabled": true,
            "zip_deploy_file": ""
          },
          "sensitive_attributes": [
            [
              {
                "type": "get_attr",
                "value": "site_config"
              },
              {
                "type": "index",
                "value": {
                  "value": 0,
                  "type": "number"
                }
              },
              {
                "type": "get_attr",
                "value": "application_stack"
              },
              {
                "type": "index",
                "value": {
                  "value": 0,
                  "type": "number"
                }
              },
              {
                "type": "get_attr",
                "value": "docker_registry_password"
              }
            ],
            [
              {
                "type": "get_attr",
                "value": "custom_domain_verification_id"
              }
            ],
            [
              {
                "type": "get_attr",
                "value": "site_credential"
              }
            ]
          ],
          "private": "eyJlMmJmYjczMC1lY2FhLTExZTYtOGY4OC0zNDM2M2JjN2M0YzAiOnsiY3JlYXRlIjoxODAwMDAwMDAwMDAwLCJkZWxldGUiOjE4MDAwMDAwMDAwMDAsInJlYWQiOjMwMDAwMDAwMDAwMCwidXBkYXRlIjoxODAwMDAwMDAwMDAwfSwic2NoZW1hX3ZlcnNpb24iOiIxIn0=",
          "dependencies": [
            "azurerm_container_registry.acr",
            "azurerm_linux_web_app.app-python",
            "azurerm_resource_group.rg",
            "azurerm_service_plan.app_service_plan",
            "azurerm_user_assigned_identity.identity"
          ]
        }
      ]
    },
    {
      "mode": "managed",
      "type": "azurerm_linux_web_app",
      "name": "app-python",
      "provider": "provider[\"registry.terraform.io/hashicorp/azurerm\"]",
      "instances": [
        {
          "schema_version": 1,
          "attributes": {
            "app_settings": {
              "WEBSITES_PORT": "5000"
            },
            "auth_settings": [],
            "auth_settings_v2": [],
            "backup": [],
            "client_affinity_enabled": false,
            "client_certificate_enabled": false,
            "client_certificate_exclusion_paths": "",
            "client_certificate_mode": "Required",
            "connection_string": [],
            "custom_domain_verification_id": "EE6BFB447F04D8420875F811CE069870D9C0E044F6604359D055AEC4D2ECCA41",
            "default_hostname": "mon-app-python-63731.azurewebsites.net",
            "enabled": true,
            "ftp_publish_basic_authentication_enabled": true,
            "hosting_environment_id": "",
            "https_only": false,
            "id": "/subscriptions/c89b9524-5918-4457-b046-b6ad9541bc2f/resourceGroups/rg-microservices-app/providers/Microsoft.Web/sites/mon-app-python-63731",
            "identity": [
              {
                "identity_ids": [
                  "/subscriptions/c89b9524-5918-4457-b046-b6ad9541bc2f/resourceGroups/rg-microservices-app/providers/Microsoft.ManagedIdentity/userAssignedIdentities/container-app-identity"
                ],
                "principal_id": "",
                "tenant_id": "",
                "type": "UserAssigned"
              }
            ],
            "key_vault_reference_identity_id": "SystemAssigned",
            "kind": "app,linux,container",
            "location": "westeurope",
            "logs": [],
            "name": "mon-app-python-63731",
            "outbound_ip_address_list": [
              "51.136.122.147",
              "51.136.122.231",
              "51.136.124.112",
              "51.136.125.253",
              "51.136.126.50",
              "51.136.127.36",
              "20.50.2.18"
            ],
            "outbound_ip_addresses": "51.136.122.147,51.136.122.231,51.136.124.112,51.136.125.253,51.136.126.50,51.136.127.36,20.50.2.18",
            "possible_outbound_ip_address_list": [
              "51.136.122.147",
              "51.136.122.231",
              "51.136.124.112",
              "51.136.125.253",
              "51.136.126.50",
              "51.136.127.36",
              "51.138.64.87",
              "51.138.64.104",
              "51.138.64.130",
              "51.138.65.14",
              "51.138.65.56",
              "51.138.65.172",
              "51.138.65.183",
              "51.138.65.188",
              "51.138.65.198",
              "51.138.65.212",
              "51.138.66.55",
              "51.138.66.89",
              "20.82.33.26",
              "20.82.34.221",
              "20.82.34.241",
              "20.82.37.94",
              "20.82.33.11",
              "20.82.33.6",
              "20.50.2.18"
            ],
            "possible_outbound_ip_addresses": "51.136.122.147,51.136.122.231,51.136.124.112,51.136.125.253,51.136.126.50,51.136.127.36,51.138.64.87,51.138.64.104,51.138.64.130,51.138.65.14,51.138.65.56,51.138.65.172,51.138.65.183,51.138.65.188,51.138.65.198,51.138.65.212,51.138.66.55,51.138.66.89,20.82.33.26,20.82.34.221,20.82.34.241,20.82.37.94,20.82.33.11,20.82.33.6,20.50.2.18",
            "public_network_access_enabled": true,
            "resource_group_name": "rg-microservices-app",
            "service_plan_id": "/subscriptions/c89b9524-5918-4457-b046-b6ad9541bc2f/resourceGroups/rg-microservices-app/providers/Microsoft.Web/serverFarms/appserviceplan",
            "site_config": [
              {
                "always_on": true,
                "api_definition_url": "",
                "api_management_api_id": "",
                "app_command_line": "",
                "application_stack": [
                  {
                    "docker_image_name": "63731-service-python:latest",
                    "docker_registry_password": "",
                    "docker_registry_url": "https://scenarioregistry63731.azurecr.io",
                    "docker_registry_username": "",
                    "dotnet_version": "",
                    "go_version": "",
                    "java_server": "",
                    "java_server_version": "",
                    "java_version": "",
                    "node_version": "",
                    "php_version": "",
                    "python_version": "",
                    "ruby_version": ""
                  }
                ],
                "auto_heal_setting": [],
                "container_registry_managed_identity_client_id": "2c9e49bc-3c45-46c4-964a-0edf84f24051",
                "container_registry_use_managed_identity": true,
                "cors": [],
                "default_documents": [
                  "Default.htm",
                  "Default.html",
                  "Default.asp",
                  "index.htm",
                  "index.html",
                  "iisstart.htm",
                  "default.aspx",
                  "index.php",
                  "hostingstart.html"
                ],
                "detailed_error_logging_enabled": false,
                "ftps_state": "Disabled",
                "health_check_eviction_time_in_min": 0,
                "health_check_path": "",
                "http2_enabled": false,
                "ip_restriction": [],
                "ip_restriction_default_action": "Allow",
                "linux_fx_version": "DOCKER|scenarioregistry63731.azurecr.io/63731-service-python:latest",
                "load_balancing_mode": "LeastRequests",
                "local_mysql_enabled": false,
                "managed_pipeline_mode": "Integrated",
                "minimum_tls_version": "1.2",
                "remote_debugging_enabled": false,
                "remote_debugging_version": "VS2022",
                "scm_ip_restriction": [],
                "scm_ip_restriction_default_action": "Allow",
                "scm_minimum_tls_version": "1.2",
                "scm_type": "None",
                "scm_use_main_ip_restriction": false,
                "use_32_bit_worker": true,
                "vnet_route_all_enabled": false,
                "websockets_enabled": false,
                "worker_count": 1
              }
            ],
            "site_credential": [
              {
                "name": "$mon-app-python-63731",
                "password": "qhYXc0LweqvRofeYh4d0pkKvZSzQNGgsJf17RfDFdYXHjQr9ZekPmeJkyY6u"
              }
            ],
            "sticky_settings": [],
            "storage_account": [],
            "tags": {},
            "timeouts": null,
            "virtual_network_backup_restore_enabled": false,
            "virtual_network_subnet_id": "",
            "webdeploy_publish_basic_authentication_enabled": true,
            "zip_deploy_file": ""
          },
          "sensitive_attributes": [
            [
              {
                "type": "get_attr",
                "value": "site_credential"
              }
            ],
            [
              {
                "type": "get_attr",
                "value": "custom_domain_verification_id"
              }
            ],
            [
              {
                "type": "get_attr",
                "value": "site_config"
              },
              {
                "type": "index",
                "value": {
                  "value": 0,
                  "type": "number"
                }
              },
              {
                "type": "get_attr",
                "value": "application_stack"
              },
              {
                "type": "index",
                "value": {
                  "value": 0,
                  "type": "number"
                }
              },
              {
                "type": "get_attr",
                "value": "docker_registry_password"
              }
            ]
          ],
          "private": "eyJlMmJmYjczMC1lY2FhLTExZTYtOGY4OC0zNDM2M2JjN2M0YzAiOnsiY3JlYXRlIjoxODAwMDAwMDAwMDAwLCJkZWxldGUiOjE4MDAwMDAwMDAwMDAsInJlYWQiOjMwMDAwMDAwMDAwMCwidXBkYXRlIjoxODAwMDAwMDAwMDAwfSwic2NoZW1hX3ZlcnNpb24iOiIxIn0=",
          "dependencies": [
            "azurerm_container_registry.acr",
            "azurerm_resource_group.rg",
            "azurerm_service_plan.app_service_plan",
            "azurerm_user_assigned_identity.identity"
          ]
        }
      ]
    },
    {
      "mode": "managed",
      "type": "azurerm_resource_group",
      "name": "rg",
      "provider": "provider[\"registry.terraform.io/hashicorp/azurerm\"]",
      "instances": [
        {
          "schema_version": 0,
          "attributes": {
            "id": "/subscriptions/c89b9524-5918-4457-b046-b6ad9541bc2f/resourceGroups/rg-microservices-app",
            "location": "westeurope",
            "managed_by": "",
            "name": "rg-microservices-app",
            "tags": {},
            "timeouts": null
          },
          "sensitive_attributes": [],
          "private": "eyJlMmJmYjczMC1lY2FhLTExZTYtOGY4OC0zNDM2M2JjN2M0YzAiOnsiY3JlYXRlIjo1NDAwMDAwMDAwMDAwLCJkZWxldGUiOjU0MDAwMDAwMDAwMDAsInJlYWQiOjMwMDAwMDAwMDAwMCwidXBkYXRlIjo1NDAwMDAwMDAwMDAwfSwic2NoZW1hX3ZlcnNpb24iOiIwIn0="
        }
      ]
    },
    {
      "mode": "managed",
      "type": "azurerm_role_assignment",
      "name": "acr_pull",
      "provider": "provider[\"registry.terraform.io/hashicorp/azurerm\"]",
      "instances": [
        {
          "schema_version": 0,
          "attributes": {
            "condition": "",
            "condition_version": "",
            "delegated_managed_identity_resource_id": "",
            "description": "",
            "id": "/subscriptions/c89b9524-5918-4457-b046-b6ad9541bc2f/resourceGroups/rg-microservices-app/providers/Microsoft.ContainerRegistry/registries/scenarioregistry63731/providers/Microsoft.Authorization/roleAssignments/ad805253-de9c-f56f-9545-4b3a30901c04",
            "name": "ad805253-de9c-f56f-9545-4b3a30901c04",
            "principal_id": "4b18e379-c240-4ef9-afcd-436d3db1b1a8",
            "principal_type": "ServicePrincipal",
            "role_definition_id": "/subscriptions/c89b9524-5918-4457-b046-b6ad9541bc2f/providers/Microsoft.Authorization/roleDefinitions/7f951dda-4ed3-4680-a7ca-43fe172d538d",
            "role_definition_name": "AcrPull",
            "scope": "/subscriptions/c89b9524-5918-4457-b046-b6ad9541bc2f/resourceGroups/rg-microservices-app/providers/Microsoft.ContainerRegistry/registries/scenarioregistry63731",
            "skip_service_principal_aad_check": null,
            "timeouts": null
          },
          "sensitive_attributes": [],
          "private": "eyJlMmJmYjczMC1lY2FhLTExZTYtOGY4OC0zNDM2M2JjN2M0YzAiOnsiY3JlYXRlIjoxODAwMDAwMDAwMDAwLCJkZWxldGUiOjE4MDAwMDAwMDAwMDAsInJlYWQiOjMwMDAwMDAwMDAwMH19",
          "dependencies": [
            "azurerm_container_registry.acr",
            "azurerm_resource_group.rg",
            "azurerm_user_assigned_identity.identity"
          ]
        }
      ]
    },
    {
      "mode": "managed",
      "type": "azurerm_service_plan",
      "name": "app_service_plan",
      "provider": "provider[\"registry.terraform.io/hashicorp/azurerm\"]",
      "instances": [
        {
          "schema_version": 1,
          "attributes": {
            "app_service_environment_id": "",
            "id": "/subscriptions/c89b9524-5918-4457-b046-b6ad9541bc2f/resourceGroups/rg-microservices-app/providers/Microsoft.Web/serverFarms/appserviceplan",
            "kind": "linux",
            "location": "westeurope",
            "maximum_elastic_worker_count": 1,
            "name": "appserviceplan",
            "os_type": "Linux",
            "per_site_scaling_enabled": false,
            "premium_plan_auto_scale_enabled": false,
            "reserved": true,
            "resource_group_name": "rg-microservices-app",
            "sku_name": "B1",
            "tags": {},
            "timeouts": null,
            "worker_count": 1,
            "zone_balancing_enabled": false
          },
          "sensitive_attributes": [],
          "private": "eyJlMmJmYjczMC1lY2FhLTExZTYtOGY4OC0zNDM2M2JjN2M0YzAiOnsiY3JlYXRlIjozNjAwMDAwMDAwMDAwLCJkZWxldGUiOjM2MDAwMDAwMDAwMDAsInJlYWQiOjMwMDAwMDAwMDAwMCwidXBkYXRlIjozNjAwMDAwMDAwMDAwfSwic2NoZW1hX3ZlcnNpb24iOiIxIn0=",
          "dependencies": [
            "azurerm_resource_group.rg"
          ]
        }
      ]
    },
    {
      "mode": "managed",
      "type": "azurerm_user_assigned_identity",
      "name": "identity",
      "provider": "provider[\"registry.terraform.io/hashicorp/azurerm\"]",
      "instances": [
        {
          "schema_version": 1,
          "attributes": {
            "client_id": "2c9e49bc-3c45-46c4-964a-0edf84f24051",
            "id": "/subscriptions/c89b9524-5918-4457-b046-b6ad9541bc2f/resourceGroups/rg-microservices-app/providers/Microsoft.ManagedIdentity/userAssignedIdentities/container-app-identity",
            "location": "westeurope",
            "name": "container-app-identity",
            "principal_id": "4b18e379-c240-4ef9-afcd-436d3db1b1a8",
            "resource_group_name": "rg-microservices-app",
            "tags": {},
            "tenant_id": "1028c7be-cb55-4d25-9e35-fb499070f658",
            "timeouts": null
          },
          "sensitive_attributes": [],
          "private": "eyJlMmJmYjczMC1lY2FhLTExZTYtOGY4OC0zNDM2M2JjN2M0YzAiOnsiY3JlYXRlIjoxODAwMDAwMDAwMDAwLCJkZWxldGUiOjE4MDAwMDAwMDAwMDAsInJlYWQiOjMwMDAwMDAwMDAwMCwidXBkYXRlIjoxODAwMDAwMDAwMDAwfSwic2NoZW1hX3ZlcnNpb24iOiIxIn0=",
          "dependencies": [
            "azurerm_resource_group.rg"
          ]
        }
      ]
    }
  ],
  "check_results": null
}
